
Microsoft Visual Studio Solution File, Format Version 12.00
# Visual Studio Version 16
VisualStudioVersion = 25.0.1706.10
MinimumVisualStudioVersion = 10.0.40219.1
Project("{FAE04EC0-301F-11D3-BF4B-00C04F79EFBC}") = "testloginunity", "testloginunity\testloginunity.csproj", "{1ACC6B51-24DB-4EF0-80C6-8761333BDF05}"
EndProject
Global
	GlobalSection(SolutionConfigurationPlatforms) = preSolution
		Debug|Any CPU = Debug|Any CPU
		Release|Any CPU = Release|Any CPU
	EndGlobalSection
	GlobalSection(ProjectConfigurationPlatforms) = postSolution
		{1ACC6B51-24DB-4EF0-80C6-8761333BDF05}.Debug|Any CPU.ActiveCfg = Debug|Any CPU
		{1ACC6B51-24DB-4EF0-80C6-8761333BDF05}.Debug|Any CPU.Build.0 = Debug|Any CPU
		{1ACC6B51-24DB-4EF0-80C6-8761333BDF05}.Release|Any CPU.ActiveCfg = Release|Any CPU
		{1ACC6B51-24DB-4EF0-80C6-8761333BDF05}.Release|Any CPU.Build.0 = Release|Any CPU
	EndGlobalSection
	GlobalSection(SolutionProperties) = preSolution
		HideSolutionNode = FALSE
	EndGlobalSection
	GlobalSection(ExtensibilityGlobals) = postSolution
		SolutionGuid = {AB0A35C7-B76B-4204-9AD3-02AA7F48DEF1}
	EndGlobalSection
EndGlobal
